// !$*UTF8*$!
{
	archiveVersion = 1;
	classes = {
	};
	objectVersion = 46;
	objects = {

/* Begin PBXBuildFile section */
		2A344AEA1EF866FC0009EC10 /* main.m in Sources */ = {isa = PBXBuildFile; fileRef = 2A344AE91EF866FC0009EC10 /* main.m */; };
		2A344AED1EF866FC0009EC10 /* AppDelegate.m in Sources */ = {isa = PBXBuildFile; fileRef = 2A344AEC1EF866FC0009EC10 /* AppDelegate.m */; };
		2A344AF31EF866FC0009EC10 /* Main.storyboard in Resources */ = {isa = PBXBuildFile; fileRef = 2A344AF11EF866FC0009EC10 /* Main.storyboard */; };
		2A344AF51EF866FC0009EC10 /* Assets.xcassets in Resources */ = {isa = PBXBuildFile; fileRef = 2A344AF41EF866FC0009EC10 /* Assets.xcassets */; };
		2A344AF81EF866FC0009EC10 /* LaunchScreen.storyboard in Resources */ = {isa = PBXBuildFile; fileRef = 2A344AF61EF866FC0009EC10 /* LaunchScreen.storyboard */; };
/* End PBXBuildFile section */

/* Begin PBXFileReference section */
		2A344AE51EF866FC0009EC10 /* JournalObjC.app */ = {isa = PBXFileReference; explicitFileType = wrapper.application; includeInIndex = 0; path = JournalObjC.app; sourceTree = BUILT_PRODUCTS_DIR; };
		2A344AE91EF866FC0009EC10 /* main.m */ = {isa = PBXFileReference; lastKnownFileType = sourcecode.c.objc; path = main.m; sourceTree = "<group>"; };
		2A344AEB1EF866FC0009EC10 /* AppDelegate.h */ = {isa = PBXFileReference; lastKnownFileType = sourcecode.c.h; path = AppDelegate.h; sourceTree = "<group>"; };
		2A344AEC1EF866FC0009EC10 /* AppDelegate.m */ = {isa = PBXFileReference; lastKnownFileType = sourcecode.c.objc; path = AppDelegate.m; sourceTree = "<group>"; };
		2A344AF21EF866FC0009EC10 /* Base */ = {isa = PBXFileReference; lastKnownFileType = file.storyboard; name = Base; path = Base.lproj/Main.storyboard; sourceTree = "<group>"; };
		2A344AF41EF866FC0009EC10 /* Assets.xcassets */ = {isa = PBXFileReference; lastKnownFileType = folder.assetcatalog; path = Assets.xcassets; sourceTree = "<group>"; };
		2A344AF71EF866FC0009EC10 /* Base */ = {isa = PBXFileReference; lastKnownFileType = file.storyboard; name = Base; path = Base.lproj/LaunchScreen.storyboard; sourceTree = "<group>"; };
		2A344AF91EF866FC0009EC10 /* Info.plist */ = {isa = PBXFileReference; lastKnownFileType = text.plist.xml; path = Info.plist; sourceTree = "<group>"; };
/* End PBXFileReference section */

/* Begin PBXFrameworksBuildPhase section */
		2A344AE21EF866FC0009EC10 /* Frameworks */ = {
			isa = PBXFrameworksBuildPhase;
			buildActionMask = 2147483647;
			files = (
			);
			runOnlyForDeploymentPostprocessing = 0;
		};
/* End PBXFrameworksBuildPhase section */

/* Begin PBXGroup section */
		2A344ADC1EF866FC0009EC10 = {
			isa = PBXGroup;
			children = (
				2A344AE71EF866FC0009EC10 /* JournalObjC */,
				2A344AE61EF866FC0009EC10 /* Products */,
			);
			sourceTree = "<group>";
		};
		2A344AE61EF866FC0009EC10 /* Products */ = {
			isa = PBXGroup;
			children = (
				2A344AE51EF866FC0009EC10 /* JournalObjC.app */,
			);
			name = Products;
			sourceTree = "<group>";
		};
		2A344AE71EF866FC0009EC10 /* JournalObjC */ = {
			isa = PBXGroup;
			children = (
				2A344AEB1EF866FC0009EC10 /* AppDelegate.h */,
				2A344AEC1EF866FC0009EC10 /* AppDelegate.m */,
				2A344AFF1EF8670E0009EC10 /* Storyboards */,
				2A344B031EF8672C0009EC10 /* Models */,
				2A344B021EF867250009EC10 /* ModelControllers */,
				2A344B011EF8671D0009EC10 /* ViewControllers */,
				2A344B001EF867160009EC10 /* Resources */,
				2A344AE81EF866FC0009EC10 /* Supporting Files */,
			);
			path = JournalObjC;
			sourceTree = "<group>";
		};
		2A344AE81EF866FC0009EC10 /* Supporting Files */ = {
			isa = PBXGroup;
			children = (
				2A344AE91EF866FC0009EC10 /* main.m */,
			);
			name = "Supporting Files";
			sourceTree = "<group>";
		};
		2A344AFF1EF8670E0009EC10 /* Storyboards */ = {
			isa = PBXGroup;
			children = (
				2A344AF11EF866FC0009EC10 /* Main.storyboard */,
			);
			name = Storyboards;
			sourceTree = "<group>";
		};
		2A344B001EF867160009EC10 /* Resources */ = {
			isa = PBXGroup;
			children = (
				2A344AF41EF866FC0009EC10 /* Assets.xcassets */,
				2A344AF61EF866FC0009EC10 /* LaunchScreen.storyboard */,
				2A344AF91EF866FC0009EC10 /* Info.plist */,
			);
			name = Resources;
			sourceTree = "<group>";
		};
		2A344B011EF8671D0009EC10 /* ViewControllers */ = {
			isa = PBXGroup;
			children = (
			);
			name = ViewControllers;
			sourceTree = "<group>";
		};
		2A344B021EF867250009EC10 /* ModelControllers */ = {
			isa = PBXGroup;
			children = (
			);
			name = ModelControllers;
			sourceTree = "<group>";
		};
		2A344B031EF8672C0009EC10 /* Models */ = {
			isa = PBXGroup;
			children = (
			);
			name = Models;
			sourceTree = "<group>";
		};
/* End PBXGroup section */

/* Begin PBXNativeTarget section */
		2A344AE41EF866FC0009EC10 /* JournalObjC */ = {
			isa = PBXNativeTarget;
			buildConfigurationList = 2A344AFC1EF866FC0009EC10 /* Build configuration list for PBXNativeTarget "JournalObjC" */;
			buildPhases = (
				2A344AE11EF866FC0009EC10 /* Sources */,
				2A344AE21EF866FC0009EC10 /* Frameworks */,
				2A344AE31EF866FC0009EC10 /* Resources */,
			);
			buildRules = (
			);
			dependencies = (
			);
			name = JournalObjC;
			productName = JournalObjC;
			productReference = 2A344AE51EF866FC0009EC10 /* JournalObjC.app */;
			productType = "com.apple.product-type.application";
		};
/* End PBXNativeTarget section */

/* Begin PBXProject section */
		2A344ADD1EF866FC0009EC10 /* Project object */ = {
			isa = PBXProject;
			attributes = {
				LastUpgradeCheck = 0830;
				ORGANIZATIONNAME = "Rob Hand";
				TargetAttributes = {
					2A344AE41EF866FC0009EC10 = {
						CreatedOnToolsVersion = 8.3.3;
						DevelopmentTeam = WC4MWVKQFQ;
						ProvisioningStyle = Automatic;
					};
				};
			};
			buildConfigurationList = 2A344AE01EF866FC0009EC10 /* Build configuration list for PBXProject "JournalObjC" */;
			compatibilityVersion = "Xcode 3.2";
			developmentRegion = English;
			hasScannedForEncodings = 0;
			knownRegions = (
				en,
				Base,
			);
			mainGroup = 2A344ADC1EF866FC0009EC10;
			productRefGroup = 2A344AE61EF866FC0009EC10 /* Products */;
			projectDirPath = "";
			projectRoot = "";
			targets = (
				2A344AE41EF866FC0009EC10 /* JournalObjC */,
			);
		};
/* End PBXProject section */

/* Begin PBXResourcesBuildPhase section */
		2A344AE31EF866FC0009EC10 /* Resources */ = {
			isa = PBXResourcesBuildPhase;
			buildActionMask = 2147483647;
			files = (
				2A344AF81EF866FC0009EC10 /* LaunchScreen.storyboard in Resources */,
				2A344AF51EF866FC0009EC10 /* Assets.xcassets in Resources */,
				2A344AF31EF866FC0009EC10 /* Main.storyboard in Resources */,
			);
			runOnlyForDeploymentPostprocessing = 0;
		};
/* End PBXResourcesBuildPhase section */

/* Begin PBXSourcesBuildPhase section */
		2A344AE11EF866FC0009EC10 /* Sources */ = {
			isa = PBXSourcesBuildPhase;
			buildActionMask = 2147483647;
			files = (
				2A344AED1EF866FC0009EC10 /* AppDelegate.m in Sources */,
				2A344AEA1EF866FC0009EC10 /* main.m in Sources */,
			);
			runOnlyForDeploymentPostprocessing = 0;
		};
/* End PBXSourcesBuildPhase section */

/* Begin PBXVariantGroup section */
		2A344AF11EF866FC0009EC10 /* Main.storyboard */ = {
			isa = PBXVariantGroup;
			children = (
				2A344AF21EF866FC0009EC10 /* Base */,
			);
			name = Main.storyboard;
			sourceTree = "<group>";
		};
		2A344AF61EF866FC0009EC10 /* LaunchScreen.storyboard */ = {
			isa = PBXVariantGroup;
			children = (
				2A344AF71EF866FC0009EC10 /* Base */,
			);
			name = LaunchScreen.storyboard;
			sourceTree = "<group>";
		};
/* End PBXVariantGroup section */

/* Begin XCBuildConfiguration section */
		2A344AFA1EF866FC0009EC10 /* Debug */ = {
			isa = XCBuildConfiguration;
			buildSettings = {
				ALWAYS_SEARCH_USER_PATHS = NO;
				CLANG_ANALYZER_NONNULL = YES;
				CLANG_ANALYZER_NUMBER_OBJECT_CONVERSION = YES_AGGRESSIVE;
				CLANG_CXX_LANGUAGE_STANDARD = "gnu++0x";
				CLANG_CXX_LIBRARY = "libc++";
				CLANG_ENABLE_MODULES = YES;
				CLANG_ENABLE_OBJC_ARC = YES;
				CLANG_WARN_BOOL_CONVERSION = YES;
				CLANG_WARN_CONSTANT_CONVERSION = YES;
				CLANG_WARN_DIRECT_OBJC_ISA_USAGE = YES_ERROR;
				CLANG_WARN_DOCUMENTATION_COMMENTS = YES;
				CLANG_WARN_EMPTY_BODY = YES;
				CLANG_WARN_ENUM_CONVERSION = YES;
				CLANG_WARN_INFINITE_RECURSION = YES;
				CLANG_WARN_INT_CONVERSION = YES;
				CLANG_WARN_OBJC_ROOT_CLASS = YES_ERROR;
				CLANG_WARN_SUSPICIOUS_MOVE = YES;
				CLANG_WARN_UNREACHABLE_CODE = YES;
				CLANG_WARN__DUPLICATE_METHOD_MATCH = YES;
				"CODE_SIGN_IDENTITY[sdk=iphoneos*]" = "iPhone Developer";
				COPY_PHASE_STRIP = NO;
				DEBUG_INFORMATION_FORMAT = dwarf;
				ENABLE_STRICT_OBJC_MSGSEND = YES;
				ENABLE_TESTABILITY = YES;
				GCC_C_LANGUAGE_STANDARD = gnu99;
				GCC_DYNAMIC_NO_PIC = NO;
				GCC_NO_COMMON_BLOCKS = YES;
				GCC_OPTIMIZATION_LEVEL = 0;
				GCC_PREPROCESSOR_DEFINITIONS = (
					"DEBUG=1",
					"$(inherited)",
				);
				GCC_WARN_64_TO_32_BIT_CONVERSION = YES;
				GCC_WARN_ABOUT_RETURN_TYPE = YES_ERROR;
				GCC_WARN_UNDECLARED_SELECTOR = YES;
				GCC_WARN_UNINITIALIZED_AUTOS = YES_AGGRESSIVE;
				GCC_WARN_UNUSED_FUNCTION = YES;
				GCC_WARN_UNUSED_VARIABLE = YES;
				IPHONEOS_DEPLOYMENT_TARGET = 10.3;
				MTL_ENABLE_DEBUG_INFO = YES;
				ONLY_ACTIVE_ARCH = YES;
				SDKROOT = iphoneos;
			};
			name = Debug;
		};
		2A344AFB1EF866FC0009EC10 /* Release */ = {
			isa = XCBuildConfiguration;
			buildSettings = {
				ALWAYS_SEARCH_USER_PATHS = NO;
				CLANG_ANALYZER_NONNULL = YES;
				CLANG_ANALYZER_NUMBER_OBJECT_CONVERSION = YES_AGGRESSIVE;
				CLANG_CXX_LANGUAGE_STANDARD = "gnu++0x";
				CLANG_CXX_LIBRARY = "libc++";
				CLANG_ENABLE_MODULES = YES;
				CLANG_ENABLE_OBJC_ARC = YES;
				CLANG_WARN_BOOL_CONVERSION = YES;
				CLANG_WARN_CONSTANT_CONVERSION = YES;
				CLANG_WARN_DIRECT_OBJC_ISA_USAGE = YES_ERROR;
				CLANG_WARN_DOCUMENTATION_COMMENTS = YES;
				CLANG_WARN_EMPTY_BODY = YES;
				CLANG_WARN_ENUM_CONVERSION = YES;
				CLANG_WARN_INFINITE_RECURSION = YES;
				CLANG_WARN_INT_CONVERSION = YES;
				CLANG_WARN_OBJC_ROOT_CLASS = YES_ERROR;
				CLANG_WARN_SUSPICIOUS_MOVE = YES;
				CLANG_WARN_UNREACHABLE_CODE = YES;
				CLANG_WARN__DUPLICATE_METHOD_MATCH = YES;
				"CODE_SIGN_IDENTITY[sdk=iphoneos*]" = "iPhone Developer";
				COPY_PHASE_STRIP = NO;
				DEBUG_INFORMATION_FORMAT = "dwarf-with-dsym";
				ENABLE_NS_ASSERTIONS = NO;
				ENABLE_STRICT_OBJC_MSGSEND = YES;
				GCC_C_LANGUAGE_STANDARD = gnu99;
				GCC_NO_COMMON_BLOCKS = YES;
				GCC_WARN_64_TO_32_BIT_CONVERSION = YES;
				GCC_WARN_ABOUT_RETURN_TYPE = YES_ERROR;
				GCC_WARN_UNDECLARED_SELECTOR = YES;
				GCC_WARN_UNINITIALIZED_AUTOS = YES_AGGRESSIVE;
				GCC_WARN_UNUSED_FUNCTION = YES;
				GCC_WARN_UNUSED_VARIABLE = YES;
				IPHONEOS_DEPLOYMENT_TARGET = 10.3;
				MTL_ENABLE_DEBUG_INFO = NO;
				SDKROOT = iphoneos;
				VALIDATE_PRODUCT = YES;
			};
			name = Release;
		};
		2A344AFD1EF866FC0009EC10 /* Debug */ = {
			isa = XCBuildConfiguration;
			buildSettings = {
				ASSETCATALOG_COMPILER_APPICON_NAME = AppIcon;
				DEVELOPMENT_TEAM = WC4MWVKQFQ;
				INFOPLIST_FILE = JournalObjC/Info.plist;
				LD_RUNPATH_SEARCH_PATHS = "$(inherited) @executable_path/Frameworks";
				PRODUCT_BUNDLE_IDENTIFIER = "com.rob-hand.JournalObjC";
				PRODUCT_NAME = "$(TARGET_NAME)";
			};
			name = Debug;
		};
		2A344AFE1EF866FC0009EC10 /* Release */ = {
			isa = XCBuildConfiguration;
			buildSettings = {
				ASSETCATALOG_COMPILER_APPICON_NAME = AppIcon;
				DEVELOPMENT_TEAM = WC4MWVKQFQ;
				INFOPLIST_FILE = JournalObjC/Info.plist;
				LD_RUNPATH_SEARCH_PATHS = "$(inherited) @executable_path/Frameworks";
				PRODUCT_BUNDLE_IDENTIFIER = "com.rob-hand.JournalObjC";
				PRODUCT_NAME = "$(TARGET_NAME)";
			};
			name = Release;
		};
/* End XCBuildConfiguration section */

/* Begin XCConfigurationList section */
		2A344AE01EF866FC0009EC10 /* Build configuration list for PBXProject "JournalObjC" */ = {
			isa = XCConfigurationList;
			buildConfigurations = (
				2A344AFA1EF866FC0009EC10 /* Debug */,
				2A344AFB1EF866FC0009EC10 /* Release */,
			);
			defaultConfigurationIsVisible = 0;
			defaultConfigurationName = Release;
		};
		2A344AFC1EF866FC0009EC10 /* Build configuration list for PBXNativeTarget "JournalObjC" */ = {
			isa = XCConfigurationList;
			buildConfigurations = (
				2A344AFD1EF866FC0009EC10 /* Debug */,
				2A344AFE1EF866FC0009EC10 /* Release */,
			);
			defaultConfigurationIsVisible = 0;
		};
/* End XCConfigurationList section */
	};
	rootObject = 2A344ADD1EF866FC0009EC10 /* Project object */;
}
